
Microsoft Visual Studio Solution File, Format Version 12.00
# Visual Studio Version 18
VisualStudioVersion = 18.9.12023.133 insiders
MinimumVisualStudioVersion = 10.0.40219.1
Project("{9A19103F-16F7-4668-BE54-9A1E7A4F7556}") = "SMSLive247.ApiClient", "SMSLive247.ApiClient\SMSLive247.ApiClient.csproj", "{CAB0C651-E36B-40F7-97D6-947D18655BFC}"
EndProject
Project("{FAE04EC0-301F-11D3-BF4B-00C04F79EFBC}") = "SMSLive247.Blazor2", "SMSLive247.Blazor2\SMSLive247.Blazor2.csproj", "{DA2FF656-C61E-4684-9C8F-0991BBAA949C}"
EndProject
Project("{FAE04EC0-301F-11D3-BF4B-00C04F79EFBC}") = "SMSLive247.UI", "SMSLive247.UI\SMSLive247.UI.csproj", "{89EC200D-90D9-5E43-2FDD-7560209CBEFB}"
EndProject
Global
	GlobalSection(SolutionConfigurationPlatforms) = preSolution
		Debug|Any CPU = Debug|Any CPU
		Release|Any CPU = Release|Any CPU
	EndGlobalSection
	GlobalSection(ProjectConfigurationPlatforms) = postSolution
		{CAB0C651-E36B-40F7-97D6-947D18655BFC}.Debug|Any CPU.ActiveCfg = Debug|Any CPU
		{CAB0C651-E36B-40F7-97D6-947D18655BFC}.Debug|Any CPU.Build.0 = Debug|Any CPU
		{CAB0C651-E36B-40F7-97D6-947D18655BFC}.Release|Any CPU.ActiveCfg = Release|Any CPU
		{CAB0C651-E36B-40F7-97D6-947D18655BFC}.Release|Any CPU.Build.0 = Release|Any CPU
		{DA2FF656-C61E-4684-9C8F-0991BBAA949C}.Debug|Any CPU.ActiveCfg = Debug|Any CPU
		{DA2FF656-C61E-4684-9C8F-0991BBAA949C}.Debug|Any CPU.Build.0 = Debug|Any CPU
		{DA2FF656-C61E-4684-9C8F-0991BBAA949C}.Release|Any CPU.ActiveCfg = Release|Any CPU
		{DA2FF656-C61E-4684-9C8F-0991BBAA949C}.Release|Any CPU.Build.0 = Release|Any CPU
		{89EC200D-90D9-5E43-2FDD-7560209CBEFB}.Debug|Any CPU.ActiveCfg = Debug|Any CPU
		{89EC200D-90D9-5E43-2FDD-7560209CBEFB}.Debug|Any CPU.Build.0 = Debug|Any CPU
		{89EC200D-90D9-5E43-2FDD-7560209CBEFB}.Release|Any CPU.ActiveCfg = Release|Any CPU
		{89EC200D-90D9-5E43-2FDD-7560209CBEFB}.Release|Any CPU.Build.0 = Release|Any CPU
	EndGlobalSection
	GlobalSection(SolutionProperties) = preSolution
		HideSolutionNode = FALSE
	EndGlobalSection
	GlobalSection(ExtensibilityGlobals) = postSolution
		SolutionGuid = {70B64848-B1FD-4DFD-AA74-B9DB8646E483}
	EndGlobalSection
EndGlobal
